
Microsoft Visual Studio Solution File, Format Version 12.00
# Visual Studio Version 17
VisualStudioVersion = 17.4.33103.184
MinimumVisualStudioVersion = 10.0.40219.1
Project("{9A19103F-16F7-4668-BE54-9A1E7A4F7556}") = "NiucoBackendIntegration", "NiucoBackendIntegration\NiucoBackendIntegration.csproj", "{374AF088-FD53-4253-8F63-BC8BD6E90EBF}"
EndProject
Project("{FAE04EC0-301F-11D3-BF4B-00C04F79EFBC}") = "NiucoBackendIntegration.Tests", "NiucoBackendIntegration.Tests\NiucoBackendIntegration.Tests.csproj", "{9BA6E601-4DED-4056-A3B1-D61DF9C7C614}"
EndProject
Global
	GlobalSection(SolutionConfigurationPlatforms) = preSolution
		Debug|Any CPU = Debug|Any CPU
		Release|Any CPU = Release|Any CPU
	EndGlobalSection
	GlobalSection(ProjectConfigurationPlatforms) = postSolution
		{374AF088-FD53-4253-8F63-BC8BD6E90EBF}.Debug|Any CPU.ActiveCfg = Debug|Any CPU
		{374AF088-FD53-4253-8F63-BC8BD6E90EBF}.Debug|Any CPU.Build.0 = Debug|Any CPU
		{374AF088-FD53-4253-8F63-BC8BD6E90EBF}.Release|Any CPU.ActiveCfg = Release|Any CPU
		{374AF088-FD53-4253-8F63-BC8BD6E90EBF}.Release|Any CPU.Build.0 = Release|Any CPU
		{9BA6E601-4DED-4056-A3B1-D61DF9C7C614}.Debug|Any CPU.ActiveCfg = Debug|Any CPU
		{9BA6E601-4DED-4056-A3B1-D61DF9C7C614}.Debug|Any CPU.Build.0 = Debug|Any CPU
		{9BA6E601-4DED-4056-A3B1-D61DF9C7C614}.Release|Any CPU.ActiveCfg = Release|Any CPU
		{9BA6E601-4DED-4056-A3B1-D61DF9C7C614}.Release|Any CPU.Build.0 = Release|Any CPU
	EndGlobalSection
	GlobalSection(SolutionProperties) = preSolution
		HideSolutionNode = FALSE
	EndGlobalSection
	GlobalSection(ExtensibilityGlobals) = postSolution
		SolutionGuid = {E646A8FD-155C-4F96-B9FE-37251AA27DDB}
	EndGlobalSection
EndGlobal
